
Microsoft Visual Studio Solution File, Format Version 12.00
# Visual Studio 14
VisualStudioVersion = 14.0.25420.1
MinimumVisualStudioVersion = 10.0.40219.1
Project("{FAE04EC0-301F-11D3-BF4B-00C04F79EFBC}") = "WebApplication3", "WebApplication3\WebApplication3.csproj", "{1C691241-D9A1-4255-A4A0-9E233F6527E0}"
EndProject
Project("{FAE04EC0-301F-11D3-BF4B-00C04F79EFBC}") = "UnitTestProjectCodeTest", "UnitTestProjectCodeTest\UnitTestProjectCodeTest.csproj", "{67E08CB4-F8CB-4BC4-8B9A-17C98C8A7795}"
EndProject
Global
	GlobalSection(SolutionConfigurationPlatforms) = preSolution
		Debug|Any CPU = Debug|Any CPU
		Release|Any CPU = Release|Any CPU
	EndGlobalSection
	GlobalSection(ProjectConfigurationPlatforms) = postSolution
		{1C691241-D9A1-4255-A4A0-9E233F6527E0}.Debug|Any CPU.ActiveCfg = Debug|Any CPU
		{1C691241-D9A1-4255-A4A0-9E233F6527E0}.Debug|Any CPU.Build.0 = Debug|Any CPU
		{1C691241-D9A1-4255-A4A0-9E233F6527E0}.Release|Any CPU.ActiveCfg = Release|Any CPU
		{1C691241-D9A1-4255-A4A0-9E233F6527E0}.Release|Any CPU.Build.0 = Release|Any CPU
		{67E08CB4-F8CB-4BC4-8B9A-17C98C8A7795}.Debug|Any CPU.ActiveCfg = Debug|Any CPU
		{67E08CB4-F8CB-4BC4-8B9A-17C98C8A7795}.Debug|Any CPU.Build.0 = Debug|Any CPU
		{67E08CB4-F8CB-4BC4-8B9A-17C98C8A7795}.Release|Any CPU.ActiveCfg = Release|Any CPU
		{67E08CB4-F8CB-4BC4-8B9A-17C98C8A7795}.Release|Any CPU.Build.0 = Release|Any CPU
	EndGlobalSection
	GlobalSection(SolutionProperties) = preSolution
		HideSolutionNode = FALSE
	EndGlobalSection
EndGlobal
